
Microsoft Visual Studio Solution File, Format Version 12.00
# Visual Studio 15
VisualStudioVersion = 15.0.28307.271
MinimumVisualStudioVersion = 10.0.40219.1
Project("{9A19103F-16F7-4668-BE54-9A1E7A4F7556}") = "SampleWebApi", "SampleWebApi\SampleWebApi.csproj", "{4C6ED40B-06FA-4688-AB98-493C86CD68DC}"
EndProject
Project("{9A19103F-16F7-4668-BE54-9A1E7A4F7556}") = "SampleWebApi.Core", "SampleWebApi.Core\SampleWebApi.Core.csproj", "{38FEE7F8-743F-46AA-8E45-7DA004D49274}"
EndProject
Project("{FAE04EC0-301F-11D3-BF4B-00C04F79EFBC}") = "TestClient", "TestClient\TestClient.csproj", "{BFF5731B-FFD2-428D-A8BD-90EBDF0D2AE2}"
EndProject
Global
	GlobalSection(SolutionConfigurationPlatforms) = preSolution
		Debug|Any CPU = Debug|Any CPU
		Release|Any CPU = Release|Any CPU
	EndGlobalSection
	GlobalSection(ProjectConfigurationPlatforms) = postSolution
		{4C6ED40B-06FA-4688-AB98-493C86CD68DC}.Debug|Any CPU.ActiveCfg = Debug|Any CPU
		{4C6ED40B-06FA-4688-AB98-493C86CD68DC}.Debug|Any CPU.Build.0 = Debug|Any CPU
		{4C6ED40B-06FA-4688-AB98-493C86CD68DC}.Release|Any CPU.ActiveCfg = Release|Any CPU
		{4C6ED40B-06FA-4688-AB98-493C86CD68DC}.Release|Any CPU.Build.0 = Release|Any CPU
		{38FEE7F8-743F-46AA-8E45-7DA004D49274}.Debug|Any CPU.ActiveCfg = Debug|Any CPU
		{38FEE7F8-743F-46AA-8E45-7DA004D49274}.Debug|Any CPU.Build.0 = Debug|Any CPU
		{38FEE7F8-743F-46AA-8E45-7DA004D49274}.Release|Any CPU.ActiveCfg = Release|Any CPU
		{38FEE7F8-743F-46AA-8E45-7DA004D49274}.Release|Any CPU.Build.0 = Release|Any CPU
		{BFF5731B-FFD2-428D-A8BD-90EBDF0D2AE2}.Debug|Any CPU.ActiveCfg = Debug|Any CPU
		{BFF5731B-FFD2-428D-A8BD-90EBDF0D2AE2}.Debug|Any CPU.Build.0 = Debug|Any CPU
		{BFF5731B-FFD2-428D-A8BD-90EBDF0D2AE2}.Release|Any CPU.ActiveCfg = Release|Any CPU
		{BFF5731B-FFD2-428D-A8BD-90EBDF0D2AE2}.Release|Any CPU.Build.0 = Release|Any CPU
	EndGlobalSection
	GlobalSection(SolutionProperties) = preSolution
		HideSolutionNode = FALSE
	EndGlobalSection
	GlobalSection(ExtensibilityGlobals) = postSolution
		SolutionGuid = {08A9A985-7909-40AA-8193-882C4C34B79E}
	EndGlobalSection
EndGlobal
